{
  "name": "gout_zjdc_automated_seat_reservation",
  "version": "1.0.0",
  "lockfileVersion": 2,
  "requires": true,
  "packages": {
    "": {
      "name": "gout_zjdc_automated_seat_reservation",
      "version": "1.0.0",
      "license": "ISC",
      "dependencies": {
        "readline": "^1.3.0"
      },
      "devDependencies": {
        "@playwright/test": "next",
        "@types/node": "^20.10.4"
      },
      "engines": {
        "node": ">=18",
        "npm": ">=8"
      }
    },
    "node_modules/@playwright/test": {
      "version": "1.42.0-alpha-jan-15-2024",
      "resolved": "https://registry.npmjs.org/@playwright/test/-/test-1.42.0-alpha-jan-15-2024.tgz",
      "integrity": "sha512-+W1yua8lVblWL/pLJQgK6lY308qYwvBJtBsnWVYczSX0C9PzKmc4P4pNKQyGvjZ/kci+qR+nmZpvwNxd2J7V/g==",
      "dev": true,
      "dependencies": {
        "playwright": "1.42.0-alpha-jan-15-2024"
      },
      "bin": {
        "playwright": "cli.js"
      },
      "engines": {
        "node": ">=16"
      }
    },
    "node_modules/@types/node": {
      "version": "20.11.1",
      "resolved": "https://registry.npmjs.org/@types/node/-/node-20.11.1.tgz",
      "integrity": "sha512-DsXojJUES2M+FE8CpptJTKpg+r54moV9ZEncPstni1WHFmTcCzeFLnMFfyhCVS8XNOy/OQG+8lVxRLRrVHmV5A==",
      "dev": true,
      "dependencies": {
        "undici-types": "~5.26.4"
      }
    },
    "node_modules/fsevents": {
      "version": "2.3.2",
      "resolved": "https://registry.npmjs.org/fsevents/-/fsevents-2.3.2.tgz",
      "integrity": "sha512-xiqMQR4xAeHTuB9uWm+fFRcIOgKBMiOBP+eXiyT7jsgVCq1bkVygt00oASowB7EdtpOHaaPgKt812P9ab+DDKA==",
      "dev": true,
      "hasInstallScript": true,
      "optional": true,
      "os": [
        "darwin"
      ],
      "engines": {
        "node": "^8.16.0 || ^10.6.0 || >=11.0.0"
      }
    },
    "node_modules/playwright": {
      "version": "1.42.0-alpha-jan-15-2024",
      "resolved": "https://registry.npmjs.org/playwright/-/playwright-1.42.0-alpha-jan-15-2024.tgz",
      "integrity": "sha512-yeXkRBASY7CwWB++dULrqWSb4ziWfynapj4W4m7rHEtpLMdB+2uPKPupDeUcw73f2COP/NvYQ2oMJ+IRX6g8pQ==",
      "dev": true,
      "dependencies": {
        "playwright-core": "1.42.0-alpha-jan-15-2024"
      },
      "bin": {
        "playwright": "cli.js"
      },
      "engines": {
        "node": ">=16"
      },
      "optionalDependencies": {
        "fsevents": "2.3.2"
      }
    },
    "node_modules/playwright-core": {
      "version": "1.42.0-alpha-jan-15-2024",
      "resolved": "https://registry.npmjs.org/playwright-core/-/playwright-core-1.42.0-alpha-jan-15-2024.tgz",
      "integrity": "sha512-VsxW/VnBX/aZBGt3HIIBWqI6h/g/Jg0irZ5q6oMAnj1i4qBU2LIAlxVpk17GqB+w096ZMhofA3nWZPjWp+jYOA==",
      "dev": true,
      "bin": {
        "playwright-core": "cli.js"
      },
      "engines": {
        "node": ">=16"
      }
    },
    "node_modules/readline": {
      "version": "1.3.0",
      "resolved": "https://registry.npmjs.org/readline/-/readline-1.3.0.tgz",
      "integrity": "sha512-k2d6ACCkiNYz222Fs/iNze30rRJ1iIicW7JuX/7/cozvih6YCkFZH+J6mAFDVgv0dRBaAyr4jDqC95R2y4IADg=="
    },
    "node_modules/undici-types": {
      "version": "5.26.5",
      "resolved": "https://registry.npmjs.org/undici-types/-/undici-types-5.26.5.tgz",
      "integrity": "sha512-JlCMO+ehdEIKqlFxk6IfVoAUVmgz7cU7zD/h9XZ0qzeosSHmUJVOzSQvvYSYWXkFXC+IfLKSIffhv0sVZup6pA==",
      "dev": true
    }
  },
  "dependencies": {
    "@playwright/test": {
      "version": "1.42.0-alpha-jan-15-2024",
      "resolved": "https://registry.npmjs.org/@playwright/test/-/test-1.42.0-alpha-jan-15-2024.tgz",
      "integrity": "sha512-+W1yua8lVblWL/pLJQgK6lY308qYwvBJtBsnWVYczSX0C9PzKmc4P4pNKQyGvjZ/kci+qR+nmZpvwNxd2J7V/g==",
      "dev": true,
      "requires": {
        "playwright": "1.42.0-alpha-jan-15-2024"
      }
    },
    "@types/node": {
      "version": "20.11.1",
      "resolved": "https://registry.npmjs.org/@types/node/-/node-20.11.1.tgz",
      "integrity": "sha512-DsXojJUES2M+FE8CpptJTKpg+r54moV9ZEncPstni1WHFmTcCzeFLnMFfyhCVS8XNOy/OQG+8lVxRLRrVHmV5A==",
      "dev": true,
      "requires": {
        "undici-types": "~5.26.4"
      }
    },
    "fsevents": {
      "version": "2.3.2",
      "resolved": "https://registry.npmjs.org/fsevents/-/fsevents-2.3.2.tgz",
      "integrity": "sha512-xiqMQR4xAeHTuB9uWm+fFRcIOgKBMiOBP+eXiyT7jsgVCq1bkVygt00oASowB7EdtpOHaaPgKt812P9ab+DDKA==",
      "dev": true,
      "optional": true
    },
    "playwright": {
      "version": "1.42.0-alpha-jan-15-2024",
      "resolved": "https://registry.npmjs.org/playwright/-/playwright-1.42.0-alpha-jan-15-2024.tgz",
      "integrity": "sha512-yeXkRBASY7CwWB++dULrqWSb4ziWfynapj4W4m7rHEtpLMdB+2uPKPupDeUcw73f2COP/NvYQ2oMJ+IRX6g8pQ==",
      "dev": true,
      "requires": {
        "fsevents": "2.3.2",
        "playwright-core": "1.42.0-alpha-jan-15-2024"
      }
    },
    "playwright-core": {
      "version": "1.42.0-alpha-jan-15-2024",
      "resolved": "https://registry.npmjs.org/playwright-core/-/playwright-core-1.42.0-alpha-jan-15-2024.tgz",
      "integrity": "sha512-VsxW/VnBX/aZBGt3HIIBWqI6h/g/Jg0irZ5q6oMAnj1i4qBU2LIAlxVpk17GqB+w096ZMhofA3nWZPjWp+jYOA==",
      "dev": true
    },
    "readline": {
      "version": "1.3.0",
      "resolved": "https://registry.npmjs.org/readline/-/readline-1.3.0.tgz",
      "integrity": "sha512-k2d6ACCkiNYz222Fs/iNze30rRJ1iIicW7JuX/7/cozvih6YCkFZH+J6mAFDVgv0dRBaAyr4jDqC95R2y4IADg=="
    },
    "undici-types": {
      "version": "5.26.5",
      "resolved": "https://registry.npmjs.org/undici-types/-/undici-types-5.26.5.tgz",
      "integrity": "sha512-JlCMO+ehdEIKqlFxk6IfVoAUVmgz7cU7zD/h9XZ0qzeosSHmUJVOzSQvvYSYWXkFXC+IfLKSIffhv0sVZup6pA==",
      "dev": true
    }
  }
}
